// !$*UTF8*$!
{
	archiveVersion = 1;
	classes = {
	};
	objectVersion = 46;
	objects = {

/* Begin PBXBuildFile section */
		5F72A5157F654A468D7C10F7 /* libPods.a in Frameworks */ = {isa = PBXBuildFile; fileRef = CF67D3D55C6F424C922636FB /* libPods.a */; };
		D312469D16FBB57900FD997B /* SRAWordStore.m in Sources */ = {isa = PBXBuildFile; fileRef = D312469C16FBB57900FD997B /* SRAWordStore.m */; };
		D31246A016FBB82800FD997B /* SRAWordsTableViewController.m in Sources */ = {isa = PBXBuildFile; fileRef = D312469F16FBB82800FD997B /* SRAWordsTableViewController.m */; };
		D33301E2171649A300DAFE50 /* SRALettersTableViewController.m in Sources */ = {isa = PBXBuildFile; fileRef = D33301E1171649A300DAFE50 /* SRALettersTableViewController.m */; };
		D33301E91717400200DAFE50 /* SRANewWordController.m in Sources */ = {isa = PBXBuildFile; fileRef = D33301E71717400200DAFE50 /* SRANewWordController.m */; };
		D33301EA1717400200DAFE50 /* SRANewWordController.xib in Resources */ = {isa = PBXBuildFile; fileRef = D33301E81717400200DAFE50 /* SRANewWordController.xib */; };
		D36E10A617448EE2004970EA /* CoreData.framework in Frameworks */ = {isa = PBXBuildFile; fileRef = D36E10A517448EE2004970EA /* CoreData.framework */; };
		D36E10AC17448F4E004970EA /* Words.xcdatamodeld in Sources */ = {isa = PBXBuildFile; fileRef = D36E10AA17448F4E004970EA /* Words.xcdatamodeld */; };
		D36E10B317449BA4004970EA /* words.txt in Resources */ = {isa = PBXBuildFile; fileRef = D36E10B217449BA4004970EA /* words.txt */; };
		D36E10B91744AC0E004970EA /* SRAWord.m in Sources */ = {isa = PBXBuildFile; fileRef = D36E10B81744AC0E004970EA /* SRAWord.m */; };
		D3CCB38116FB9FD10026474A /* UIKit.framework in Frameworks */ = {isa = PBXBuildFile; fileRef = D3CCB38016FB9FD10026474A /* UIKit.framework */; };
		D3CCB38316FB9FD10026474A /* Foundation.framework in Frameworks */ = {isa = PBXBuildFile; fileRef = D3CCB38216FB9FD10026474A /* Foundation.framework */; };
		D3CCB38516FB9FD10026474A /* CoreGraphics.framework in Frameworks */ = {isa = PBXBuildFile; fileRef = D3CCB38416FB9FD10026474A /* CoreGraphics.framework */; };
		D3CCB38B16FB9FD10026474A /* InfoPlist.strings in Resources */ = {isa = PBXBuildFile; fileRef = D3CCB38916FB9FD10026474A /* InfoPlist.strings */; };
		D3CCB38D16FB9FD10026474A /* main.m in Sources */ = {isa = PBXBuildFile; fileRef = D3CCB38C16FB9FD10026474A /* main.m */; };
		D3CCB39116FB9FD10026474A /* SRAAppDelegate.m in Sources */ = {isa = PBXBuildFile; fileRef = D3CCB39016FB9FD10026474A /* SRAAppDelegate.m */; };
		D3CCB39316FB9FD10026474A /* Default.png in Resources */ = {isa = PBXBuildFile; fileRef = D3CCB39216FB9FD10026474A /* Default.png */; };
		D3CCB39516FB9FD10026474A /* Default@2x.png in Resources */ = {isa = PBXBuildFile; fileRef = D3CCB39416FB9FD10026474A /* Default@2x.png */; };
		D3CCB39716FB9FD10026474A /* Default-568h@2x.png in Resources */ = {isa = PBXBuildFile; fileRef = D3CCB39616FB9FD10026474A /* Default-568h@2x.png */; };
/* End PBXBuildFile section */

/* Begin PBXFileReference section */
		CF67D3D55C6F424C922636FB /* libPods.a */ = {isa = PBXFileReference; explicitFileType = archive.ar; includeInIndex = 0; path = libPods.a; sourceTree = BUILT_PRODUCTS_DIR; };
		D312469B16FBB57900FD997B /* SRAWordStore.h */ = {isa = PBXFileReference; fileEncoding = 4; lastKnownFileType = sourcecode.c.h; path = SRAWordStore.h; sourceTree = "<group>"; };
		D312469C16FBB57900FD997B /* SRAWordStore.m */ = {isa = PBXFileReference; fileEncoding = 4; lastKnownFileType = sourcecode.c.objc; path = SRAWordStore.m; sourceTree = "<group>"; };
		D312469E16FBB82800FD997B /* SRAWordsTableViewController.h */ = {isa = PBXFileReference; fileEncoding = 4; lastKnownFileType = sourcecode.c.h; path = SRAWordsTableViewController.h; sourceTree = "<group>"; };
		D312469F16FBB82800FD997B /* SRAWordsTableViewController.m */ = {isa = PBXFileReference; fileEncoding = 4; lastKnownFileType = sourcecode.c.objc; path = SRAWordsTableViewController.m; sourceTree = "<group>"; };
		D33301E0171649A300DAFE50 /* SRALettersTableViewController.h */ = {isa = PBXFileReference; fileEncoding = 4; lastKnownFileType = sourcecode.c.h; path = SRALettersTableViewController.h; sourceTree = "<group>"; };
		D33301E1171649A300DAFE50 /* SRALettersTableViewController.m */ = {isa = PBXFileReference; fileEncoding = 4; lastKnownFileType = sourcecode.c.objc; path = SRALettersTableViewController.m; sourceTree = "<group>"; };
		D33301E61717400200DAFE50 /* SRANewWordController.h */ = {isa = PBXFileReference; fileEncoding = 4; lastKnownFileType = sourcecode.c.h; path = SRANewWordController.h; sourceTree = "<group>"; };
		D33301E71717400200DAFE50 /* SRANewWordController.m */ = {isa = PBXFileReference; fileEncoding = 4; lastKnownFileType = sourcecode.c.objc; path = SRANewWordController.m; sourceTree = "<group>"; };
		D33301E81717400200DAFE50 /* SRANewWordController.xib */ = {isa = PBXFileReference; fileEncoding = 4; lastKnownFileType = file.xib; path = SRANewWordController.xib; sourceTree = "<group>"; };
		D33301EB17174FD200DAFE50 /* SRANewWordControllerDelegate.h */ = {isa = PBXFileReference; lastKnownFileType = sourcecode.c.h; path = SRANewWordControllerDelegate.h; sourceTree = "<group>"; };
		D36E10A517448EE2004970EA /* CoreData.framework */ = {isa = PBXFileReference; lastKnownFileType = wrapper.framework; name = CoreData.framework; path = System/Library/Frameworks/CoreData.framework; sourceTree = SDKROOT; };
		D36E10AB17448F4E004970EA /* Words.xcdatamodel */ = {isa = PBXFileReference; lastKnownFileType = wrapper.xcdatamodel; path = Words.xcdatamodel; sourceTree = "<group>"; };
		D36E10B217449BA4004970EA /* words.txt */ = {isa = PBXFileReference; fileEncoding = 4; lastKnownFileType = text; path = words.txt; sourceTree = "<group>"; };
		D36E10B71744AC0E004970EA /* SRAWord.h */ = {isa = PBXFileReference; fileEncoding = 4; lastKnownFileType = sourcecode.c.h; path = SRAWord.h; sourceTree = "<group>"; };
		D36E10B81744AC0E004970EA /* SRAWord.m */ = {isa = PBXFileReference; fileEncoding = 4; lastKnownFileType = sourcecode.c.objc; path = SRAWord.m; sourceTree = "<group>"; };
		D3CCB37D16FB9FD10026474A /* Words.app */ = {isa = PBXFileReference; explicitFileType = wrapper.application; includeInIndex = 0; path = Words.app; sourceTree = BUILT_PRODUCTS_DIR; };
		D3CCB38016FB9FD10026474A /* UIKit.framework */ = {isa = PBXFileReference; lastKnownFileType = wrapper.framework; name = UIKit.framework; path = System/Library/Frameworks/UIKit.framework; sourceTree = SDKROOT; };
		D3CCB38216FB9FD10026474A /* Foundation.framework */ = {isa = PBXFileReference; lastKnownFileType = wrapper.framework; name = Foundation.framework; path = System/Library/Frameworks/Foundation.framework; sourceTree = SDKROOT; };
		D3CCB38416FB9FD10026474A /* CoreGraphics.framework */ = {isa = PBXFileReference; lastKnownFileType = wrapper.framework; name = CoreGraphics.framework; path = System/Library/Frameworks/CoreGraphics.framework; sourceTree = SDKROOT; };
		D3CCB38816FB9FD10026474A /* Words-Info.plist */ = {isa = PBXFileReference; lastKnownFileType = text.plist.xml; path = "Words-Info.plist"; sourceTree = "<group>"; };
		D3CCB38A16FB9FD10026474A /* en */ = {isa = PBXFileReference; lastKnownFileType = text.plist.strings; name = en; path = en.lproj/InfoPlist.strings; sourceTree = "<group>"; };
		D3CCB38C16FB9FD10026474A /* main.m */ = {isa = PBXFileReference; lastKnownFileType = sourcecode.c.objc; path = main.m; sourceTree = "<group>"; };
		D3CCB38E16FB9FD10026474A /* Words-Prefix.pch */ = {isa = PBXFileReference; lastKnownFileType = sourcecode.c.h; path = "Words-Prefix.pch"; sourceTree = "<group>"; };
		D3CCB38F16FB9FD10026474A /* SRAAppDelegate.h */ = {isa = PBXFileReference; lastKnownFileType = sourcecode.c.h; path = SRAAppDelegate.h; sourceTree = "<group>"; };
		D3CCB39016FB9FD10026474A /* SRAAppDelegate.m */ = {isa = PBXFileReference; lastKnownFileType = sourcecode.c.objc; path = SRAAppDelegate.m; sourceTree = "<group>"; };
		D3CCB39216FB9FD10026474A /* Default.png */ = {isa = PBXFileReference; lastKnownFileType = image.png; path = Default.png; sourceTree = "<group>"; };
		D3CCB39416FB9FD10026474A /* Default@2x.png */ = {isa = PBXFileReference; lastKnownFileType = image.png; path = "Default@2x.png"; sourceTree = "<group>"; };
		D3CCB39616FB9FD10026474A /* Default-568h@2x.png */ = {isa = PBXFileReference; lastKnownFileType = image.png; path = "Default-568h@2x.png"; sourceTree = "<group>"; };
		F2B34D2D6A0940B8872C4010 /* Pods.xcconfig */ = {isa = PBXFileReference; includeInIndex = 1; lastKnownFileType = text.xcconfig; name = Pods.xcconfig; path = Pods/Pods.xcconfig; sourceTree = SOURCE_ROOT; };
/* End PBXFileReference section */

/* Begin PBXFrameworksBuildPhase section */
		D3CCB37A16FB9FD10026474A /* Frameworks */ = {
			isa = PBXFrameworksBuildPhase;
			buildActionMask = 2147483647;
			files = (
				D36E10A617448EE2004970EA /* CoreData.framework in Frameworks */,
				D3CCB38116FB9FD10026474A /* UIKit.framework in Frameworks */,
				D3CCB38316FB9FD10026474A /* Foundation.framework in Frameworks */,
				D3CCB38516FB9FD10026474A /* CoreGraphics.framework in Frameworks */,
				5F72A5157F654A468D7C10F7 /* libPods.a in Frameworks */,
			);
			runOnlyForDeploymentPostprocessing = 0;
		};
/* End PBXFrameworksBuildPhase section */

/* Begin PBXGroup section */
		D3CCB37416FB9FD10026474A = {
			isa = PBXGroup;
			children = (
				D36E10AA17448F4E004970EA /* Words.xcdatamodeld */,
				D36E10A517448EE2004970EA /* CoreData.framework */,
				D3CCB38616FB9FD10026474A /* Words */,
				D3CCB37F16FB9FD10026474A /* Frameworks */,
				D3CCB37E16FB9FD10026474A /* Products */,
				F2B34D2D6A0940B8872C4010 /* Pods.xcconfig */,
			);
			sourceTree = "<group>";
		};
		D3CCB37E16FB9FD10026474A /* Products */ = {
			isa = PBXGroup;
			children = (
				D3CCB37D16FB9FD10026474A /* Words.app */,
			);
			name = Products;
			sourceTree = "<group>";
		};
		D3CCB37F16FB9FD10026474A /* Frameworks */ = {
			isa = PBXGroup;
			children = (
				D3CCB38016FB9FD10026474A /* UIKit.framework */,
				D3CCB38216FB9FD10026474A /* Foundation.framework */,
				D3CCB38416FB9FD10026474A /* CoreGraphics.framework */,
				CF67D3D55C6F424C922636FB /* libPods.a */,
			);
			name = Frameworks;
			sourceTree = "<group>";
		};
		D3CCB38616FB9FD10026474A /* Words */ = {
			isa = PBXGroup;
			children = (
				D3CCB38F16FB9FD10026474A /* SRAAppDelegate.h */,
				D3CCB39016FB9FD10026474A /* SRAAppDelegate.m */,
				D3CCB38716FB9FD10026474A /* Supporting Files */,
				D312469B16FBB57900FD997B /* SRAWordStore.h */,
				D312469C16FBB57900FD997B /* SRAWordStore.m */,
				D312469E16FBB82800FD997B /* SRAWordsTableViewController.h */,
				D312469F16FBB82800FD997B /* SRAWordsTableViewController.m */,
				D33301E0171649A300DAFE50 /* SRALettersTableViewController.h */,
				D33301E1171649A300DAFE50 /* SRALettersTableViewController.m */,
				D33301E61717400200DAFE50 /* SRANewWordController.h */,
				D33301E71717400200DAFE50 /* SRANewWordController.m */,
				D33301E81717400200DAFE50 /* SRANewWordController.xib */,
				D33301EB17174FD200DAFE50 /* SRANewWordControllerDelegate.h */,
				D36E10B71744AC0E004970EA /* SRAWord.h */,
				D36E10B81744AC0E004970EA /* SRAWord.m */,
			);
			path = Words;
			sourceTree = "<group>";
		};
		D3CCB38716FB9FD10026474A /* Supporting Files */ = {
			isa = PBXGroup;
			children = (
				D36E10B217449BA4004970EA /* words.txt */,
				D3CCB38816FB9FD10026474A /* Words-Info.plist */,
				D3CCB38916FB9FD10026474A /* InfoPlist.strings */,
				D3CCB38C16FB9FD10026474A /* main.m */,
				D3CCB38E16FB9FD10026474A /* Words-Prefix.pch */,
				D3CCB39216FB9FD10026474A /* Default.png */,
				D3CCB39416FB9FD10026474A /* Default@2x.png */,
				D3CCB39616FB9FD10026474A /* Default-568h@2x.png */,
			);
			name = "Supporting Files";
			sourceTree = "<group>";
		};
/* End PBXGroup section */

/* Begin PBXNativeTarget section */
		D3CCB37C16FB9FD10026474A /* Words */ = {
			isa = PBXNativeTarget;
			buildConfigurationList = D3CCB39A16FB9FD10026474A /* Build configuration list for PBXNativeTarget "Words" */;
			buildPhases = (
				16C398F220D04698A8B648CB /* Check Pods Manifest.lock */,
				D3CCB37916FB9FD10026474A /* Sources */,
				D3CCB37A16FB9FD10026474A /* Frameworks */,
				D3CCB37B16FB9FD10026474A /* Resources */,
				E98967C62B4B457EA405B2A4 /* Copy Pods Resources */,
			);
			buildRules = (
			);
			dependencies = (
			);
			name = Words;
			productName = Words;
			productReference = D3CCB37D16FB9FD10026474A /* Words.app */;
			productType = "com.apple.product-type.application";
		};
/* End PBXNativeTarget section */

/* Begin PBXProject section */
		D3CCB37516FB9FD10026474A /* Project object */ = {
			isa = PBXProject;
			attributes = {
				CLASSPREFIX = SRA;
				LastUpgradeCheck = 0460;
				ORGANIZATIONNAME = "Seamus Abshere";
			};
			buildConfigurationList = D3CCB37816FB9FD10026474A /* Build configuration list for PBXProject "Words" */;
			compatibilityVersion = "Xcode 3.2";
			developmentRegion = English;
			hasScannedForEncodings = 0;
			knownRegions = (
				en,
			);
			mainGroup = D3CCB37416FB9FD10026474A;
			productRefGroup = D3CCB37E16FB9FD10026474A /* Products */;
			projectDirPath = "";
			projectRoot = "";
			targets = (
				D3CCB37C16FB9FD10026474A /* Words */,
			);
		};
/* End PBXProject section */

/* Begin PBXResourcesBuildPhase section */
		D3CCB37B16FB9FD10026474A /* Resources */ = {
			isa = PBXResourcesBuildPhase;
			buildActionMask = 2147483647;
			files = (
				D3CCB38B16FB9FD10026474A /* InfoPlist.strings in Resources */,
				D3CCB39316FB9FD10026474A /* Default.png in Resources */,
				D3CCB39516FB9FD10026474A /* Default@2x.png in Resources */,
				D3CCB39716FB9FD10026474A /* Default-568h@2x.png in Resources */,
				D33301EA1717400200DAFE50 /* SRANewWordController.xib in Resources */,
				D36E10B317449BA4004970EA /* words.txt in Resources */,
			);
			runOnlyForDeploymentPostprocessing = 0;
		};
/* End PBXResourcesBuildPhase section */

/* Begin PBXShellScriptBuildPhase section */
		16C398F220D04698A8B648CB /* Check Pods Manifest.lock */ = {
			isa = PBXShellScriptBuildPhase;
			buildActionMask = 2147483647;
			files = (
			);
			inputPaths = (
			);
			name = "Check Pods Manifest.lock";
			outputPaths = (
			);
			runOnlyForDeploymentPostprocessing = 0;
			shellPath = /bin/sh;
			shellScript = "diff \"${PODS_ROOT}/../Podfile.lock\" \"${PODS_ROOT}/Manifest.lock\" > /dev/null\nif [[ $? != 0 ]] ; then\n    cat << EOM\nerror: The sanbox is not in sync with the Podfile.lock. Run 'pod install'.\nEOM\n    exit 1\nfi\n";
		};
		E98967C62B4B457EA405B2A4 /* Copy Pods Resources */ = {
			isa = PBXShellScriptBuildPhase;
			buildActionMask = 2147483647;
			files = (
			);
			inputPaths = (
			);
			name = "Copy Pods Resources";
			outputPaths = (
			);
			runOnlyForDeploymentPostprocessing = 0;
			shellPath = /bin/sh;
			shellScript = "\"${SRCROOT}/Pods/Pods-resources.sh\"\n";
		};
/* End PBXShellScriptBuildPhase section */

/* Begin PBXSourcesBuildPhase section */
		D3CCB37916FB9FD10026474A /* Sources */ = {
			isa = PBXSourcesBuildPhase;
			buildActionMask = 2147483647;
			files = (
				D3CCB38D16FB9FD10026474A /* main.m in Sources */,
				D3CCB39116FB9FD10026474A /* SRAAppDelegate.m in Sources */,
				D312469D16FBB57900FD997B /* SRAWordStore.m in Sources */,
				D31246A016FBB82800FD997B /* SRAWordsTableViewController.m in Sources */,
				D33301E2171649A300DAFE50 /* SRALettersTableViewController.m in Sources */,
				D33301E91717400200DAFE50 /* SRANewWordController.m in Sources */,
				D36E10AC17448F4E004970EA /* Words.xcdatamodeld in Sources */,
				D36E10B91744AC0E004970EA /* SRAWord.m in Sources */,
			);
			runOnlyForDeploymentPostprocessing = 0;
		};
/* End PBXSourcesBuildPhase section */

/* Begin PBXVariantGroup section */
		D3CCB38916FB9FD10026474A /* InfoPlist.strings */ = {
			isa = PBXVariantGroup;
			children = (
				D3CCB38A16FB9FD10026474A /* en */,
			);
			name = InfoPlist.strings;
			sourceTree = "<group>";
		};
/* End PBXVariantGroup section */

/* Begin XCBuildConfiguration section */
		D3CCB39816FB9FD10026474A /* Debug */ = {
			isa = XCBuildConfiguration;
			buildSettings = {
				ALWAYS_SEARCH_USER_PATHS = NO;
				CLANG_CXX_LANGUAGE_STANDARD = "gnu++0x";
				CLANG_CXX_LIBRARY = "libc++";
				CLANG_ENABLE_OBJC_ARC = YES;
				CLANG_WARN_CONSTANT_CONVERSION = YES;
				CLANG_WARN_EMPTY_BODY = YES;
				CLANG_WARN_ENUM_CONVERSION = YES;
				CLANG_WARN_INT_CONVERSION = YES;
				CLANG_WARN__DUPLICATE_METHOD_MATCH = YES;
				"CODE_SIGN_IDENTITY[sdk=iphoneos*]" = "iPhone Developer";
				COPY_PHASE_STRIP = NO;
				GCC_C_LANGUAGE_STANDARD = gnu99;
				GCC_DYNAMIC_NO_PIC = NO;
				GCC_OPTIMIZATION_LEVEL = 0;
				GCC_PREPROCESSOR_DEFINITIONS = (
					"DEBUG=1",
					"$(inherited)",
				);
				GCC_SYMBOLS_PRIVATE_EXTERN = NO;
				GCC_WARN_ABOUT_RETURN_TYPE = YES;
				GCC_WARN_UNINITIALIZED_AUTOS = YES;
				GCC_WARN_UNUSED_VARIABLE = YES;
				IPHONEOS_DEPLOYMENT_TARGET = 6.1;
				ONLY_ACTIVE_ARCH = YES;
				SDKROOT = iphoneos;
			};
			name = Debug;
		};
		D3CCB39916FB9FD10026474A /* Release */ = {
			isa = XCBuildConfiguration;
			buildSettings = {
				ALWAYS_SEARCH_USER_PATHS = NO;
				CLANG_CXX_LANGUAGE_STANDARD = "gnu++0x";
				CLANG_CXX_LIBRARY = "libc++";
				CLANG_ENABLE_OBJC_ARC = YES;
				CLANG_WARN_CONSTANT_CONVERSION = YES;
				CLANG_WARN_EMPTY_BODY = YES;
				CLANG_WARN_ENUM_CONVERSION = YES;
				CLANG_WARN_INT_CONVERSION = YES;
				CLANG_WARN__DUPLICATE_METHOD_MATCH = YES;
				"CODE_SIGN_IDENTITY[sdk=iphoneos*]" = "iPhone Developer";
				COPY_PHASE_STRIP = YES;
				GCC_C_LANGUAGE_STANDARD = gnu99;
				GCC_WARN_ABOUT_RETURN_TYPE = YES;
				GCC_WARN_UNINITIALIZED_AUTOS = YES;
				GCC_WARN_UNUSED_VARIABLE = YES;
				IPHONEOS_DEPLOYMENT_TARGET = 6.1;
				OTHER_CFLAGS = "-DNS_BLOCK_ASSERTIONS=1";
				SDKROOT = iphoneos;
				VALIDATE_PRODUCT = YES;
			};
			name = Release;
		};
		D3CCB39B16FB9FD10026474A /* Debug */ = {
			isa = XCBuildConfiguration;
			baseConfigurationReference = F2B34D2D6A0940B8872C4010 /* Pods.xcconfig */;
			buildSettings = {
				GCC_PRECOMPILE_PREFIX_HEADER = YES;
				GCC_PREFIX_HEADER = "Words/Words-Prefix.pch";
				INFOPLIST_FILE = "Words/Words-Info.plist";
				IPHONEOS_DEPLOYMENT_TARGET = 6.1;
				PRODUCT_NAME = "$(TARGET_NAME)";
				TARGETED_DEVICE_FAMILY = "1,2";
				WRAPPER_EXTENSION = app;
			};
			name = Debug;
		};
		D3CCB39C16FB9FD10026474A /* Release */ = {
			isa = XCBuildConfiguration;
			baseConfigurationReference = F2B34D2D6A0940B8872C4010 /* Pods.xcconfig */;
			buildSettings = {
				GCC_PRECOMPILE_PREFIX_HEADER = YES;
				GCC_PREFIX_HEADER = "Words/Words-Prefix.pch";
				INFOPLIST_FILE = "Words/Words-Info.plist";
				IPHONEOS_DEPLOYMENT_TARGET = 6.1;
				PRODUCT_NAME = "$(TARGET_NAME)";
				TARGETED_DEVICE_FAMILY = "1,2";
				WRAPPER_EXTENSION = app;
			};
			name = Release;
		};
/* End XCBuildConfiguration section */

/* Begin XCConfigurationList section */
		D3CCB37816FB9FD10026474A /* Build configuration list for PBXProject "Words" */ = {
			isa = XCConfigurationList;
			buildConfigurations = (
				D3CCB39816FB9FD10026474A /* Debug */,
				D3CCB39916FB9FD10026474A /* Release */,
			);
			defaultConfigurationIsVisible = 0;
			defaultConfigurationName = Release;
		};
		D3CCB39A16FB9FD10026474A /* Build configuration list for PBXNativeTarget "Words" */ = {
			isa = XCConfigurationList;
			buildConfigurations = (
				D3CCB39B16FB9FD10026474A /* Debug */,
				D3CCB39C16FB9FD10026474A /* Release */,
			);
			defaultConfigurationIsVisible = 0;
			defaultConfigurationName = Release;
		};
/* End XCConfigurationList section */

/* Begin XCVersionGroup section */
		D36E10AA17448F4E004970EA /* Words.xcdatamodeld */ = {
			isa = XCVersionGroup;
			children = (
				D36E10AB17448F4E004970EA /* Words.xcdatamodel */,
			);
			currentVersion = D36E10AB17448F4E004970EA /* Words.xcdatamodel */;
			path = Words.xcdatamodeld;
			sourceTree = "<group>";
			versionGroupType = wrapper.xcdatamodel;
		};
/* End XCVersionGroup section */
	};
	rootObject = D3CCB37516FB9FD10026474A /* Project object */;
}
